// !$*UTF8*$!
{
	archiveVersion = 1;
	classes = {
	};
	objectVersion = 46;
	objects = {

/* Begin PBXBuildFile section */
		1355A2294306B482B16BCA07 /* include_juce_graphics.mm */ = {isa = PBXBuildFile; fileRef = A0B89D22E0764DB96C3EA998; };
		178AAAFBA10B6850F5EAB0CB /* OSCMessageRouter.cpp */ = {isa = PBXBuildFile; fileRef = 7487EFE20AF4642E34D9A9BB; };
		231970F32BADB567EB15F753 /* include_juce_data_structures.mm */ = {isa = PBXBuildFile; fileRef = A355E1801ECBDBE86E2A9382; };
		26DD2F1C8690366A500EAF15 /* include_juce_audio_processors_lv2_libs.cpp */ = {isa = PBXBuildFile; fileRef = 389358D30857F8073230AEDD; };
		2A10DF854F4DF8895DD6E6B1 /* include_juce_core.mm */ = {isa = PBXBuildFile; fileRef = 015EA0280AE439D59E4A3D5E; };
		2B4A8A2646517A3AD78C64FF /* include_juce_opengl.mm */ = {isa = PBXBuildFile; fileRef = 6C77960FDA0FEB61B0F2A30A; };
		2D18719EE35291280C362AFE /* OutputArrayHelperWindow.cpp */ = {isa = PBXBuildFile; fileRef = DB5876E9C4AB938D271F414A; };
		2E7BC351A296C0FD63B235EA /* include_juce_audio_processors_headless.mm */ = {isa = PBXBuildFile; fileRef = 86ACB563EE1E39D812C368F8; };
		30CCDF4AC489042FFC0EA5D2 /* App */ = {isa = PBXBuildFile; fileRef = 27C88BB1744515ABB100AC93; };
		3201D56E12B692DF589404E8 /* include_juce_audio_utils.mm */ = {isa = PBXBuildFile; fileRef = 0295E8DB0FB28056B5EFD60F; };
		3E0A0AB3E298FA5F0241DEB0 /* include_juce_audio_formats.mm */ = {isa = PBXBuildFile; fileRef = 88828B243F838905A44A3AE5; };
		471089E457EAE929D9FBE39A /* DiscRecording.framework */ = {isa = PBXBuildFile; fileRef = BB988ACB6CA5DBAAB5D3F273; };
		476F09624768D72D4EA72FB2 /* Cocoa.framework */ = {isa = PBXBuildFile; fileRef = 8482C13D6FF8436DFD51EE09; };
		59262D55C253156B90FCCD98 /* Accelerate.framework */ = {isa = PBXBuildFile; fileRef = 54B2A0562D44FAFD14948BD4; };
		5D4E9619AEF393D1B45801B4 /* include_juce_audio_processors_headless_ara.cpp */ = {isa = PBXBuildFile; fileRef = A578604C7C69A5F0AB6D4219; };
		608D7B6A13C0D268D19EC284 /* QuartzCore.framework */ = {isa = PBXBuildFile; fileRef = F0BBBCFFEEBC5E54F494D60B; };
		63EEAC7AAA4C92CD3E961598 /* AudioToolbox.framework */ = {isa = PBXBuildFile; fileRef = 2005A065341F1626D8F31859; };
		65CEC8646F411DBDCBDE08B6 /* include_juce_audio_processors_headless_lv2_libs.cpp */ = {isa = PBXBuildFile; fileRef = 83CB49A396A11EA46FF029C1; };
		70314EC1FEC594420C837FA2 /* include_juce_audio_processors.mm */ = {isa = PBXBuildFile; fileRef = EE3AAA7F4BDC53F0808AD4D0; };
		72DBEA8965CEB4462D38F1C4 /* include_juce_audio_devices.mm */ = {isa = PBXBuildFile; fileRef = F5775FB8BB6E2B98B2D6B8DF; };
		7618597F3E29C95EDC572AA4 /* OSCQueryServer.cpp */ = {isa = PBXBuildFile; fileRef = DE14BD20BA58B9D03EEBABCE; };
		7A8D87B4FFF599B560E7701B /* include_juce_dsp.mm */ = {isa = PBXBuildFile; fileRef = 6E10D0FC4C9B6E6575A85044; };
		7EE885F6C8BF1E09BF1252A8 /* OpenGL.framework */ = {isa = PBXBuildFile; fileRef = 58550861937D9037981CEAF5; };
		8206CB7296A86BB520A4B965 /* WFSValueTreeState.cpp */ = {isa = PBXBuildFile; fileRef = BB85096D700BC19EC7EEF516; };
		848D7BD2CB09162DA9DD5B7F /* OSCTCPReceiver.cpp */ = {isa = PBXBuildFile; fileRef = 83B9631F36EB03CD552105D6; };
		8730DF5A397C198A3FB13D60 /* Main.cpp */ = {isa = PBXBuildFile; fileRef = 46671364821BCB5DCF52BC95; };
		8ADC8900F737B54FCFBA3AA8 /* Metal.framework */ = {isa = PBXBuildFile; fileRef = C23555C43C15F2DD0CF3BA9C; settings = { ATTRIBUTES = (Weak, ); }; };
		94B254A659EFEC3CC830EB46 /* WebKit.framework */ = {isa = PBXBuildFile; fileRef = 77380EEA09673557990C6B7D; };
		9540B1CD09211574E035FEA4 /* RecentFilesMenuTemplate.nib */ = {isa = PBXBuildFile; fileRef = C2A444C276327D0BCFA3510A; };
		99BBB112459F918510B37CA3 /* OSCConnection.cpp */ = {isa = PBXBuildFile; fileRef = 1D4034F17218DC090D63347F; };
		A2970BCD1D70B071DA801DA0 /* include_juce_audio_processors_ara.cpp */ = {isa = PBXBuildFile; fileRef = 0CD57A569F21CD4B562335EB; };
		A3B475BAAE5DA55369EA63CB /* OSCReceiverWithSenderIP.cpp */ = {isa = PBXBuildFile; fileRef = 52706EBD8973DFD0F1366FCF; };
		A4CC09F2DA7E16C75D0C1C27 /* include_juce_events.mm */ = {isa = PBXBuildFile; fileRef = 1BD908F5EE15BCFED1F87F23; };
		A66BB50D77A88BEC2F63217B /* OSCLogger.cpp */ = {isa = PBXBuildFile; fileRef = 6EDCA6152CCF68F79BC3E7F4; };
		A7EBFC6FBD34D6A3021AF51A /* Foundation.framework */ = {isa = PBXBuildFile; fileRef = 6BABB0D22DF0B0DEF97EC39A; };
		A8A7939ED5A7BFFDB060F2C9 /* OSCRateLimiter.cpp */ = {isa = PBXBuildFile; fileRef = 878AA473BBA4523BB5BAB723; };
		AA0EE9B55A2E6FF945DED3B3 /* include_juce_gui_extra.mm */ = {isa = PBXBuildFile; fileRef = D142B9C18D9A93EA669B6723; };
		B1102ED88546CAF3585737B7 /* WFSCalculationEngine.cpp */ = {isa = PBXBuildFile; fileRef = B2E5BB6DF397E59F6073DDFA; };
		B189CAC736E2215D673E4945 /* include_juce_graphics_Sheenbidi.c */ = {isa = PBXBuildFile; fileRef = 2976DFB15F05C50CF08305D4; };
		C06C6742DDD2187C42ACA573 /* OSCMessageBuilder.cpp */ = {isa = PBXBuildFile; fileRef = A3C78AAE2596180321C3F0F2; };
		C5AA8699307DEBD9EE73CB9C /* ArrayGeometryCalculator.cpp */ = {isa = PBXBuildFile; fileRef = 400EA6B8131021F017321A16; };
		CCFBE09811F0776115B91605 /* CoreAudioKit.framework */ = {isa = PBXBuildFile; fileRef = AC103C23CF134FD2779DDD03; };
		D0C2D1742B813683EC65D553 /* MetalKit.framework */ = {isa = PBXBuildFile; fileRef = 8C11E7326375A886C71FF31C; settings = { ATTRIBUTES = (Weak, ); }; };
		D1FB0F3B758B9AFC67248620 /* MainComponent.cpp */ = {isa = PBXBuildFile; fileRef = A6107472373FC76F35C046C0; };
		D31268761E753A4C517595B7 /* Security.framework */ = {isa = PBXBuildFile; fileRef = FF19CF83E92F49AE429BA580; };
		DDEBC46A91123F8716D9D977 /* WFSFileManager.cpp */ = {isa = PBXBuildFile; fileRef = 7574FA77B1174E11D00A732D; };
		DEABF808C5E056929C7305E0 /* IOKit.framework */ = {isa = PBXBuildFile; fileRef = 10B5F6956A7261934156D7A8; };
		E24BD9C92FB5ED761916E117 /* OSCManager.cpp */ = {isa = PBXBuildFile; fileRef = 8BDFF50F5C228E133FE51580; };
		E250B84E6CDC377F234A14E3 /* include_juce_osc.cpp */ = {isa = PBXBuildFile; fileRef = D477110C8373179499E19443; };
		E5CF3F122DD4F047481C62D2 /* CoreAudio.framework */ = {isa = PBXBuildFile; fileRef = 496A4AFADE7E2E14B6D013E2; };
		E5D3A75C2F59B454A7821B7F /* include_juce_core_CompilationTime.cpp */ = {isa = PBXBuildFile; fileRef = 1852742AC74CE662EF91C229; };
		F3E9874CAF23860578708A33 /* include_juce_audio_basics.mm */ = {isa = PBXBuildFile; fileRef = EF8F5550038C576E96ECCBC3; };
		F43ABAF1DAF97DA45A1AC7C0 /* NetworkLogWindow.cpp */ = {isa = PBXBuildFile; fileRef = 7F18FF6B90FC3250D411E692; };
		F4AA488127D811825687FFDC /* include_juce_gui_basics.mm */ = {isa = PBXBuildFile; fileRef = 300E93A1943132FBD96DBD77; };
		F7291D04FD22C7330C3E1864 /* include_juce_graphics_Harfbuzz.cpp */ = {isa = PBXBuildFile; fileRef = 1A10EA3687120F02EC073242; };
		FEB463E52DD144B58406DA04 /* CoreMIDI.framework */ = {isa = PBXBuildFile; fileRef = A9937509256CBFA14535037B; };
/* End PBXBuildFile section */

/* Begin PBXFileReference section */
		015EA0280AE439D59E4A3D5E /* include_juce_core.mm */ /* include_juce_core.mm */ = {isa = PBXFileReference; lastKnownFileType = sourcecode.cpp.objcpp; name = include_juce_core.mm; path = ../../JuceLibraryCode/include_juce_core.mm; sourceTree = SOURCE_ROOT; };
		0286C27EEF7FF41861AEADED /* WFSFileManager.h */ /* WFSFileManager.h */ = {isa = PBXFileReference; lastKnownFileType = sourcecode.c.h; name = WFSFileManager.h; path = ../../Source/Parameters/WFSFileManager.h; sourceTree = SOURCE_ROOT; };
		0295E8DB0FB28056B5EFD60F /* include_juce_audio_utils.mm */ /* include_juce_audio_utils.mm */ = {isa = PBXFileReference; lastKnownFileType = sourcecode.cpp.objcpp; name = include_juce_audio_utils.mm; path = ../../JuceLibraryCode/include_juce_audio_utils.mm; sourceTree = SOURCE_ROOT; };
		0724D2EC3F7252162C616AE8 /* InputsTab.h */ /* InputsTab.h */ = {isa = PBXFileReference; lastKnownFileType = sourcecode.c.h; name = InputsTab.h; path = ../../Source/gui/InputsTab.h; sourceTree = SOURCE_ROOT; };
		08134ACD67020F7944801D62 /* WfsParameters.h */ /* WfsParameters.h */ = {isa = PBXFileReference; lastKnownFileType = sourcecode.c.h; name = WfsParameters.h; path = ../../Source/WfsParameters.h; sourceTree = SOURCE_ROOT; };
		0CD57A569F21CD4B562335EB /* include_juce_audio_processors_ara.cpp */ /* include_juce_audio_processors_ara.cpp */ = {isa = PBXFileReference; lastKnownFileType = sourcecode.cpp.cpp; name = include_juce_audio_processors_ara.cpp; path = ../../JuceLibraryCode/include_juce_audio_processors_ara.cpp; sourceTree = SOURCE_ROOT; };
		10B5F6956A7261934156D7A8 /* IOKit.framework */ /* IOKit.framework */ = {isa = PBXFileReference; lastKnownFileType = wrapper.framework; name = IOKit.framework; path = System/Library/Frameworks/IOKit.framework; sourceTree = SDKROOT; };
		11DA25FE53363679529C4A42 /* ArrayGeometryCalculator.h */ /* ArrayGeometryCalculator.h */ = {isa = PBXFileReference; lastKnownFileType = sourcecode.c.h; name = ArrayGeometryCalculator.h; path = ../../Source/Helpers/ArrayGeometryCalculator.h; sourceTree = SOURCE_ROOT; };
		12146791FE10C68B72D72F39 /* InputBufferAlgorithmGPU.cpp */ /* InputBufferAlgorithmGPU.cpp */ = {isa = PBXFileReference; lastKnownFileType = sourcecode.cpp.cpp; name = InputBufferAlgorithmGPU.cpp; path = ../../Source/DSP/InputBufferAlgorithmGPU.cpp; sourceTree = SOURCE_ROOT; };
		143DF3EE177D85E1D8E1F58A /* InputBufferAlgorithmGPU.h */ /* InputBufferAlgorithmGPU.h */ = {isa = PBXFileReference; lastKnownFileType = sourcecode.c.h; name = InputBufferAlgorithmGPU.h; path = ../../Source/DSP/InputBufferAlgorithmGPU.h; sourceTree = SOURCE_ROOT; };
		151701BA3C17357293B163C4 /* juce_gui_extra */ /* juce_gui_extra */ = {isa = PBXFileReference; lastKnownFileType = folder; name = juce_gui_extra; path = ../../../../../JUCE/modules/juce_gui_extra; sourceTree = SOURCE_ROOT; };
		175E5DD50F0E71570D6F1B65 /* OSCReceiverWithSenderIP.h */ /* OSCReceiverWithSenderIP.h */ = {isa = PBXFileReference; lastKnownFileType = sourcecode.c.h; name = OSCReceiverWithSenderIP.h; path = ../../Source/Network/OSCReceiverWithSenderIP.h; sourceTree = SOURCE_ROOT; };
		1852742AC74CE662EF91C229 /* include_juce_core_CompilationTime.cpp */ /* include_juce_core_CompilationTime.cpp */ = {isa = PBXFileReference; lastKnownFileType = sourcecode.cpp.cpp; name = include_juce_core_CompilationTime.cpp; path = ../../JuceLibraryCode/include_juce_core_CompilationTime.cpp; sourceTree = SOURCE_ROOT; };
		1A10EA3687120F02EC073242 /* include_juce_graphics_Harfbuzz.cpp */ /* include_juce_graphics_Harfbuzz.cpp */ = {isa = PBXFileReference; lastKnownFileType = sourcecode.cpp.cpp; name = include_juce_graphics_Harfbuzz.cpp; path = ../../JuceLibraryCode/include_juce_graphics_Harfbuzz.cpp; sourceTree = SOURCE_ROOT; };
		1BD908F5EE15BCFED1F87F23 /* include_juce_events.mm */ /* include_juce_events.mm */ = {isa = PBXFileReference; lastKnownFileType = sourcecode.cpp.objcpp; name = include_juce_events.mm; path = ../../JuceLibraryCode/include_juce_events.mm; sourceTree = SOURCE_ROOT; };
		1D4034F17218DC090D63347F /* OSCConnection.cpp */ /* OSCConnection.cpp */ = {isa = PBXFileReference; lastKnownFileType = sourcecode.cpp.cpp; name = OSCConnection.cpp; path = ../../Source/Network/OSCConnection.cpp; sourceTree = SOURCE_ROOT; };
		2005A065341F1626D8F31859 /* AudioToolbox.framework */ /* AudioToolbox.framework */ = {isa = PBXFileReference; lastKnownFileType = wrapper.framework; name = AudioToolbox.framework; path = System/Library/Frameworks/AudioToolbox.framework; sourceTree = SDKROOT; };
		227E033B18F6304BAF888B94 /* WFSCalculationEngine.h */ /* WFSCalculationEngine.h */ = {isa = PBXFileReference; lastKnownFileType = sourcecode.c.h; name = WFSCalculationEngine.h; path = ../../Source/DSP/WFSCalculationEngine.h; sourceTree = SOURCE_ROOT; };
		23EC5C0EFA931E9866518795 /* OutputsTab.h */ /* OutputsTab.h */ = {isa = PBXFileReference; lastKnownFileType = sourcecode.c.h; name = OutputsTab.h; path = ../../Source/gui/OutputsTab.h; sourceTree = SOURCE_ROOT; };
		27C88BB1744515ABB100AC93 /* App */ = {isa = PBXFileReference; explicitFileType = wrapper.application; includeInIndex = 0; path = "WFS-DIY.app"; sourceTree = BUILT_PRODUCTS_DIR; };
		2976DFB15F05C50CF08305D4 /* include_juce_graphics_Sheenbidi.c */ /* include_juce_graphics_Sheenbidi.c */ = {isa = PBXFileReference; lastKnownFileType = sourcecode.c.c; name = include_juce_graphics_Sheenbidi.c; path = ../../JuceLibraryCode/include_juce_graphics_Sheenbidi.c; sourceTree = SOURCE_ROOT; };
		2CB2F36332CB658A8BCDB47B /* InputBufferAlgorithm.h */ /* InputBufferAlgorithm.h */ = {isa = PBXFileReference; lastKnownFileType = sourcecode.c.h; name = InputBufferAlgorithm.h; path = ../../Source/DSP/InputBufferAlgorithm.h; sourceTree = SOURCE_ROOT; };
		300E93A1943132FBD96DBD77 /* include_juce_gui_basics.mm */ /* include_juce_gui_basics.mm */ = {isa = PBXFileReference; lastKnownFileType = sourcecode.cpp.objcpp; name = include_juce_gui_basics.mm; path = ../../JuceLibraryCode/include_juce_gui_basics.mm; sourceTree = SOURCE_ROOT; };
		344E94DE75CE8AD15E5DF4F7 /* SystemConfigTab.h */ /* SystemConfigTab.h */ = {isa = PBXFileReference; lastKnownFileType = sourcecode.c.h; name = SystemConfigTab.h; path = ../../Source/gui/SystemConfigTab.h; sourceTree = SOURCE_ROOT; };
		34CC6B6061AD8E05EDA699F3 /* InputBufferProcessor.h */ /* InputBufferProcessor.h */ = {isa = PBXFileReference; lastKnownFileType = sourcecode.c.h; name = InputBufferProcessor.h; path = ../../Source/DSP/InputBufferProcessor.h; sourceTree = SOURCE_ROOT; };
		35A75BE8F742B3CF106ACE1B /* WFSValueTreeState.h */ /* WFSValueTreeState.h */ = {isa = PBXFileReference; lastKnownFileType = sourcecode.c.h; name = WFSValueTreeState.h; path = ../../Source/Parameters/WFSValueTreeState.h; sourceTree = SOURCE_ROOT; };
		389358D30857F8073230AEDD /* include_juce_audio_processors_lv2_libs.cpp */ /* include_juce_audio_processors_lv2_libs.cpp */ = {isa = PBXFileReference; lastKnownFileType = sourcecode.cpp.cpp; name = include_juce_audio_processors_lv2_libs.cpp; path = ../../JuceLibraryCode/include_juce_audio_processors_lv2_libs.cpp; sourceTree = SOURCE_ROOT; };
		3CB4457FB0C8A8E65B84BAAA /* ConfigTabPreviewWindow.h */ /* ConfigTabPreviewWindow.h */ = {isa = PBXFileReference; lastKnownFileType = sourcecode.c.h; name = ConfigTabPreviewWindow.h; path = ../../Source/gui/ConfigTabPreviewWindow.h; sourceTree = SOURCE_ROOT; };
		3FF29F71D97D69B1B619CBDC /* OSCConnection.h */ /* OSCConnection.h */ = {isa = PBXFileReference; lastKnownFileType = sourcecode.c.h; name = OSCConnection.h; path = ../../Source/Network/OSCConnection.h; sourceTree = SOURCE_ROOT; };
		400EA6B8131021F017321A16 /* ArrayGeometryCalculator.cpp */ /* ArrayGeometryCalculator.cpp */ = {isa = PBXFileReference; lastKnownFileType = sourcecode.cpp.cpp; name = ArrayGeometryCalculator.cpp; path = ../../Source/Helpers/ArrayGeometryCalculator.cpp; sourceTree = SOURCE_ROOT; };
		46671364821BCB5DCF52BC95 /* Main.cpp */ /* Main.cpp */ = {isa = PBXFileReference; lastKnownFileType = sourcecode.cpp.cpp; name = Main.cpp; path = ../../Source/Main.cpp; sourceTree = SOURCE_ROOT; };
		46911CC043A1CB1AC44325D8 /* juce_opengl */ /* juce_opengl */ = {isa = PBXFileReference; lastKnownFileType = folder; name = juce_opengl; path = ../../../../../JUCE/modules/juce_opengl; sourceTree = SOURCE_ROOT; };
		48D14721841738FD158C9ED7 /* NetworkLogWindow.h */ /* NetworkLogWindow.h */ = {isa = PBXFileReference; lastKnownFileType = sourcecode.c.h; name = NetworkLogWindow.h; path = ../../Source/gui/NetworkLogWindow.h; sourceTree = SOURCE_ROOT; };
		496A4AFADE7E2E14B6D013E2 /* CoreAudio.framework */ /* CoreAudio.framework */ = {isa = PBXFileReference; lastKnownFileType = wrapper.framework; name = CoreAudio.framework; path = System/Library/Frameworks/CoreAudio.framework; sourceTree = SDKROOT; };
		4B817C847A7AC2CDC244E66C /* GpuInputBufferAlgorithm.h */ /* GpuInputBufferAlgorithm.h */ = {isa = PBXFileReference; lastKnownFileType = sourcecode.c.h; name = GpuInputBufferAlgorithm.h; path = ../../Source/DSP/GpuInputBufferAlgorithm.h; sourceTree = SOURCE_ROOT; };
		52706EBD8973DFD0F1366FCF /* OSCReceiverWithSenderIP.cpp */ /* OSCReceiverWithSenderIP.cpp */ = {isa = PBXFileReference; lastKnownFileType = sourcecode.cpp.cpp; name = OSCReceiverWithSenderIP.cpp; path = ../../Source/Network/OSCReceiverWithSenderIP.cpp; sourceTree = SOURCE_ROOT; };
		54B2A0562D44FAFD14948BD4 /* Accelerate.framework */ /* Accelerate.framework */ = {isa = PBXFileReference; lastKnownFileType = wrapper.framework; name = Accelerate.framework; path = System/Library/Frameworks/Accelerate.framework; sourceTree = SDKROOT; };
		5810F8314E4B23B3F2FB167F /* OSCMessageBuilder.h */ /* OSCMessageBuilder.h */ = {isa = PBXFileReference; lastKnownFileType = sourcecode.c.h; name = OSCMessageBuilder.h; path = ../../Source/Network/OSCMessageBuilder.h; sourceTree = SOURCE_ROOT; };
		58550861937D9037981CEAF5 /* OpenGL.framework */ /* OpenGL.framework */ = {isa = PBXFileReference; lastKnownFileType = wrapper.framework; name = OpenGL.framework; path = System/Library/Frameworks/OpenGL.framework; sourceTree = SDKROOT; };
		601124A6913C54CD5AC91469 /* OSCMessageRouter.h */ /* OSCMessageRouter.h */ = {isa = PBXFileReference; lastKnownFileType = sourcecode.c.h; name = OSCMessageRouter.h; path = ../../Source/Network/OSCMessageRouter.h; sourceTree = SOURCE_ROOT; };
		6436CB9D505DAAA967A62B33 /* juce_audio_processors_headless */ /* juce_audio_processors_headless */ = {isa = PBXFileReference; lastKnownFileType = folder; name = juce_audio_processors_headless; path = ../../../../../JUCE/modules/juce_audio_processors_headless; sourceTree = SOURCE_ROOT; };
		6756E8867E1756DA0DF2481A /* ConfigTabComponent.h */ /* ConfigTabComponent.h */ = {isa = PBXFileReference; lastKnownFileType = sourcecode.c.h; name = ConfigTabComponent.h; path = ../../Source/gui/ConfigTabComponent.h; sourceTree = SOURCE_ROOT; };
		69407C7E2C97F2199ECD6485 /* juce_events */ /* juce_events */ = {isa = PBXFileReference; lastKnownFileType = folder; name = juce_events; path = ../../../../../JUCE/modules/juce_events; sourceTree = SOURCE_ROOT; };
		6BABB0D22DF0B0DEF97EC39A /* Foundation.framework */ /* Foundation.framework */ = {isa = PBXFileReference; lastKnownFileType = wrapper.framework; name = Foundation.framework; path = System/Library/Frameworks/Foundation.framework; sourceTree = SDKROOT; };
		6C77960FDA0FEB61B0F2A30A /* include_juce_opengl.mm */ /* include_juce_opengl.mm */ = {isa = PBXFileReference; lastKnownFileType = sourcecode.cpp.objcpp; name = include_juce_opengl.mm; path = ../../JuceLibraryCode/include_juce_opengl.mm; sourceTree = SOURCE_ROOT; };
		6E10D0FC4C9B6E6575A85044 /* include_juce_dsp.mm */ /* include_juce_dsp.mm */ = {isa = PBXFileReference; lastKnownFileType = sourcecode.cpp.objcpp; name = include_juce_dsp.mm; path = ../../JuceLibraryCode/include_juce_dsp.mm; sourceTree = SOURCE_ROOT; };
		6E14244F68F03835D5F30C62 /* juce_gui_basics */ /* juce_gui_basics */ = {isa = PBXFileReference; lastKnownFileType = folder; name = juce_gui_basics; path = ../../../../../JUCE/modules/juce_gui_basics; sourceTree = SOURCE_ROOT; };
		6EDCA6152CCF68F79BC3E7F4 /* OSCLogger.cpp */ /* OSCLogger.cpp */ = {isa = PBXFileReference; lastKnownFileType = sourcecode.cpp.cpp; name = OSCLogger.cpp; path = ../../Source/Network/OSCLogger.cpp; sourceTree = SOURCE_ROOT; };
		7487EFE20AF4642E34D9A9BB /* OSCMessageRouter.cpp */ /* OSCMessageRouter.cpp */ = {isa = PBXFileReference; lastKnownFileType = sourcecode.cpp.cpp; name = OSCMessageRouter.cpp; path = ../../Source/Network/OSCMessageRouter.cpp; sourceTree = SOURCE_ROOT; };
		7574FA77B1174E11D00A732D /* WFSFileManager.cpp */ /* WFSFileManager.cpp */ = {isa = PBXFileReference; lastKnownFileType = sourcecode.cpp.cpp; name = WFSFileManager.cpp; path = ../../Source/Parameters/WFSFileManager.cpp; sourceTree = SOURCE_ROOT; };
		77380EEA09673557990C6B7D /* WebKit.framework */ /* WebKit.framework */ = {isa = PBXFileReference; lastKnownFileType = wrapper.framework; name = WebKit.framework; path = System/Library/Frameworks/WebKit.framework; sourceTree = SDKROOT; };
		7AC565B6A53D12F58CA362A1 /* OutputBufferAlgorithm.h */ /* OutputBufferAlgorithm.h */ = {isa = PBXFileReference; lastKnownFileType = sourcecode.c.h; name = OutputBufferAlgorithm.h; path = ../../Source/DSP/OutputBufferAlgorithm.h; sourceTree = SOURCE_ROOT; };
		7AFF9282759B81540BA02DCC /* MapTab.h */ /* MapTab.h */ = {isa = PBXFileReference; lastKnownFileType = sourcecode.c.h; name = MapTab.h; path = ../../Source/gui/MapTab.h; sourceTree = SOURCE_ROOT; };
		7E32DBC79453A291C75AE2B7 /* OSCLogger.h */ /* OSCLogger.h */ = {isa = PBXFileReference; lastKnownFileType = sourcecode.c.h; name = OSCLogger.h; path = ../../Source/Network/OSCLogger.h; sourceTree = SOURCE_ROOT; };
		7F18FF6B90FC3250D411E692 /* NetworkLogWindow.cpp */ /* NetworkLogWindow.cpp */ = {isa = PBXFileReference; lastKnownFileType = sourcecode.cpp.cpp; name = NetworkLogWindow.cpp; path = ../../Source/gui/NetworkLogWindow.cpp; sourceTree = SOURCE_ROOT; };
		83B9631F36EB03CD552105D6 /* OSCTCPReceiver.cpp */ /* OSCTCPReceiver.cpp */ = {isa = PBXFileReference; lastKnownFileType = sourcecode.cpp.cpp; name = OSCTCPReceiver.cpp; path = ../../Source/Network/OSCTCPReceiver.cpp; sourceTree = SOURCE_ROOT; };
		83CB49A396A11EA46FF029C1 /* include_juce_audio_processors_headless_lv2_libs.cpp */ /* include_juce_audio_processors_headless_lv2_libs.cpp */ = {isa = PBXFileReference; lastKnownFileType = sourcecode.cpp.cpp; name = include_juce_audio_processors_headless_lv2_libs.cpp; path = ../../JuceLibraryCode/include_juce_audio_processors_headless_lv2_libs.cpp; sourceTree = SOURCE_ROOT; };
		8482C13D6FF8436DFD51EE09 /* Cocoa.framework */ /* Cocoa.framework */ = {isa = PBXFileReference; lastKnownFileType = wrapper.framework; name = Cocoa.framework; path = System/Library/Frameworks/Cocoa.framework; sourceTree = SDKROOT; };
		86ACB563EE1E39D812C368F8 /* include_juce_audio_processors_headless.mm */ /* include_juce_audio_processors_headless.mm */ = {isa = PBXFileReference; lastKnownFileType = sourcecode.cpp.objcpp; name = include_juce_audio_processors_headless.mm; path = ../../JuceLibraryCode/include_juce_audio_processors_headless.mm; sourceTree = SOURCE_ROOT; };
		878AA473BBA4523BB5BAB723 /* OSCRateLimiter.cpp */ /* OSCRateLimiter.cpp */ = {isa = PBXFileReference; lastKnownFileType = sourcecode.cpp.cpp; name = OSCRateLimiter.cpp; path = ../../Source/Network/OSCRateLimiter.cpp; sourceTree = SOURCE_ROOT; };
		88828B243F838905A44A3AE5 /* include_juce_audio_formats.mm */ /* include_juce_audio_formats.mm */ = {isa = PBXFileReference; lastKnownFileType = sourcecode.cpp.objcpp; name = include_juce_audio_formats.mm; path = ../../JuceLibraryCode/include_juce_audio_formats.mm; sourceTree = SOURCE_ROOT; };
		89F22C2D66D7F132F7A08F93 /* juce_audio_utils */ /* juce_audio_utils */ = {isa = PBXFileReference; lastKnownFileType = folder; name = juce_audio_utils; path = ../../../../../JUCE/modules/juce_audio_utils; sourceTree = SOURCE_ROOT; };
		8BDFF50F5C228E133FE51580 /* OSCManager.cpp */ /* OSCManager.cpp */ = {isa = PBXFileReference; lastKnownFileType = sourcecode.cpp.cpp; name = OSCManager.cpp; path = ../../Source/Network/OSCManager.cpp; sourceTree = SOURCE_ROOT; };
		8C0E916313050AB4DC42868B /* WFSAlgorithm.h */ /* WFSAlgorithm.h */ = {isa = PBXFileReference; lastKnownFileType = sourcecode.c.h; name = WFSAlgorithm.h; path = ../../Source/WFSAlgorithm.h; sourceTree = SOURCE_ROOT; };
		8C11E7326375A886C71FF31C /* MetalKit.framework */ /* MetalKit.framework */ = {isa = PBXFileReference; lastKnownFileType = wrapper.framework; name = MetalKit.framework; path = System/Library/Frameworks/MetalKit.framework; sourceTree = SDKROOT; };
		93358D08FACEF28C4AEA139F /* OutputArrayHelperWindow.h */ /* OutputArrayHelperWindow.h */ = {isa = PBXFileReference; lastKnownFileType = sourcecode.c.h; name = OutputArrayHelperWindow.h; path = ../../Source/gui/OutputArrayHelperWindow.h; sourceTree = SOURCE_ROOT; };
		93517C1B57BC41C6A7CF7B88 /* Info-App.plist */ /* Info-App.plist */ = {isa = PBXFileReference; lastKnownFileType = text.plist.xml; name = "Info-App.plist"; path = "Info-App.plist"; sourceTree = SOURCE_ROOT; };
		9904E802D511D3F174FADDD2 /* juce_data_structures */ /* juce_data_structures */ = {isa = PBXFileReference; lastKnownFileType = folder; name = juce_data_structures; path = ../../../../../JUCE/modules/juce_data_structures; sourceTree = SOURCE_ROOT; };
		A0B89D22E0764DB96C3EA998 /* include_juce_graphics.mm */ /* include_juce_graphics.mm */ = {isa = PBXFileReference; lastKnownFileType = sourcecode.cpp.objcpp; name = include_juce_graphics.mm; path = ../../JuceLibraryCode/include_juce_graphics.mm; sourceTree = SOURCE_ROOT; };
		A355E1801ECBDBE86E2A9382 /* include_juce_data_structures.mm */ /* include_juce_data_structures.mm */ = {isa = PBXFileReference; lastKnownFileType = sourcecode.cpp.objcpp; name = include_juce_data_structures.mm; path = ../../JuceLibraryCode/include_juce_data_structures.mm; sourceTree = SOURCE_ROOT; };
		A39360C75305D0F857DC9FEE /* ClustersTab.h */ /* ClustersTab.h */ = {isa = PBXFileReference; lastKnownFileType = sourcecode.c.h; name = ClustersTab.h; path = ../../Source/gui/ClustersTab.h; sourceTree = SOURCE_ROOT; };
		A3C78AAE2596180321C3F0F2 /* OSCMessageBuilder.cpp */ /* OSCMessageBuilder.cpp */ = {isa = PBXFileReference; lastKnownFileType = sourcecode.cpp.cpp; name = OSCMessageBuilder.cpp; path = ../../Source/Network/OSCMessageBuilder.cpp; sourceTree = SOURCE_ROOT; };
		A578604C7C69A5F0AB6D4219 /* include_juce_audio_processors_headless_ara.cpp */ /* include_juce_audio_processors_headless_ara.cpp */ = {isa = PBXFileReference; lastKnownFileType = sourcecode.cpp.cpp; name = include_juce_audio_processors_headless_ara.cpp; path = ../../JuceLibraryCode/include_juce_audio_processors_headless_ara.cpp; sourceTree = SOURCE_ROOT; };
		A6107472373FC76F35C046C0 /* MainComponent.cpp */ /* MainComponent.cpp */ = {isa = PBXFileReference; lastKnownFileType = sourcecode.cpp.cpp; name = MainComponent.cpp; path = ../../Source/MainComponent.cpp; sourceTree = SOURCE_ROOT; };
		A859E542011BA2B197343E8B /* OSCTCPReceiver.h */ /* OSCTCPReceiver.h */ = {isa = PBXFileReference; lastKnownFileType = sourcecode.c.h; name = OSCTCPReceiver.h; path = ../../Source/Network/OSCTCPReceiver.h; sourceTree = SOURCE_ROOT; };
		A96E05E0B144008AE500DBAE /* WFSParameterDefaults.h */ /* WFSParameterDefaults.h */ = {isa = PBXFileReference; lastKnownFileType = sourcecode.c.h; name = WFSParameterDefaults.h; path = ../../Source/Parameters/WFSParameterDefaults.h; sourceTree = SOURCE_ROOT; };
		A9937509256CBFA14535037B /* CoreMIDI.framework */ /* CoreMIDI.framework */ = {isa = PBXFileReference; lastKnownFileType = wrapper.framework; name = CoreMIDI.framework; path = System/Library/Frameworks/CoreMIDI.framework; sourceTree = SDKROOT; };
		AA3D6463B920C9F5617110A3 /* ReverbTab.h */ /* ReverbTab.h */ = {isa = PBXFileReference; lastKnownFileType = sourcecode.c.h; name = ReverbTab.h; path = ../../Source/gui/ReverbTab.h; sourceTree = SOURCE_ROOT; };
		AC103C23CF134FD2779DDD03 /* CoreAudioKit.framework */ /* CoreAudioKit.framework */ = {isa = PBXFileReference; lastKnownFileType = wrapper.framework; name = CoreAudioKit.framework; path = System/Library/Frameworks/CoreAudioKit.framework; sourceTree = SDKROOT; };
		AE1207ECC59B747C80031900 /* MainComponent.h */ /* MainComponent.h */ = {isa = PBXFileReference; lastKnownFileType = sourcecode.c.h; name = MainComponent.h; path = ../../Source/MainComponent.h; sourceTree = SOURCE_ROOT; };
		AF62B2CF62312028634B4EEF /* juce_audio_basics */ /* juce_audio_basics */ = {isa = PBXFileReference; lastKnownFileType = folder; name = juce_audio_basics; path = ../../../../../JUCE/modules/juce_audio_basics; sourceTree = SOURCE_ROOT; };
		B2E5BB6DF397E59F6073DDFA /* WFSCalculationEngine.cpp */ /* WFSCalculationEngine.cpp */ = {isa = PBXFileReference; lastKnownFileType = sourcecode.cpp.cpp; name = WFSCalculationEngine.cpp; path = ../../Source/DSP/WFSCalculationEngine.cpp; sourceTree = SOURCE_ROOT; };
		B660F4211F4C145BD3C3D28B /* OSCRateLimiter.h */ /* OSCRateLimiter.h */ = {isa = PBXFileReference; lastKnownFileType = sourcecode.c.h; name = OSCRateLimiter.h; path = ../../Source/Network/OSCRateLimiter.h; sourceTree = SOURCE_ROOT; };
		BB85096D700BC19EC7EEF516 /* WFSValueTreeState.cpp */ /* WFSValueTreeState.cpp */ = {isa = PBXFileReference; lastKnownFileType = sourcecode.cpp.cpp; name = WFSValueTreeState.cpp; path = ../../Source/Parameters/WFSValueTreeState.cpp; sourceTree = SOURCE_ROOT; };
		BB988ACB6CA5DBAAB5D3F273 /* DiscRecording.framework */ /* DiscRecording.framework */ = {isa = PBXFileReference; lastKnownFileType = wrapper.framework; name = DiscRecording.framework; path = System/Library/Frameworks/DiscRecording.framework; sourceTree = SDKROOT; };
		BE841F6F8529ACBA1DD567B6 /* OSCManager.h */ /* OSCManager.h */ = {isa = PBXFileReference; lastKnownFileType = sourcecode.c.h; name = OSCManager.h; path = ../../Source/Network/OSCManager.h; sourceTree = SOURCE_ROOT; };
		C13194A76B6B84669C156769 /* StatusBar.h */ /* StatusBar.h */ = {isa = PBXFileReference; lastKnownFileType = sourcecode.c.h; name = StatusBar.h; path = ../../Source/gui/StatusBar.h; sourceTree = SOURCE_ROOT; };
		C23555C43C15F2DD0CF3BA9C /* Metal.framework */ /* Metal.framework */ = {isa = PBXFileReference; lastKnownFileType = wrapper.framework; name = Metal.framework; path = System/Library/Frameworks/Metal.framework; sourceTree = SDKROOT; };
		C2A444C276327D0BCFA3510A /* RecentFilesMenuTemplate.nib */ /* RecentFilesMenuTemplate.nib */ = {isa = PBXFileReference; lastKnownFileType = file.nib; name = RecentFilesMenuTemplate.nib; path = RecentFilesMenuTemplate.nib; sourceTree = SOURCE_ROOT; };
		C4525E688AD5409FE48A10B0 /* juce_audio_formats */ /* juce_audio_formats */ = {isa = PBXFileReference; lastKnownFileType = folder; name = juce_audio_formats; path = ../../../../../JUCE/modules/juce_audio_formats; sourceTree = SOURCE_ROOT; };
		C67F91CF1D3B324EB43469E0 /* OutputBufferProcessor.h */ /* OutputBufferProcessor.h */ = {isa = PBXFileReference; lastKnownFileType = sourcecode.c.h; name = OutputBufferProcessor.h; path = ../../Source/DSP/OutputBufferProcessor.h; sourceTree = SOURCE_ROOT; };
		C76B234E02F32DF1865B2F27 /* NetworkTab.h */ /* NetworkTab.h */ = {isa = PBXFileReference; lastKnownFileType = sourcecode.c.h; name = NetworkTab.h; path = ../../Source/gui/NetworkTab.h; sourceTree = SOURCE_ROOT; };
		C7C47F0656977414C3A87685 /* JuceHeader.h */ /* JuceHeader.h */ = {isa = PBXFileReference; lastKnownFileType = sourcecode.c.h; name = JuceHeader.h; path = ../../JuceLibraryCode/JuceHeader.h; sourceTree = SOURCE_ROOT; };
		CA0621138DD4DFC3AF7A711E /* OSCProtocolTypes.h */ /* OSCProtocolTypes.h */ = {isa = PBXFileReference; lastKnownFileType = sourcecode.c.h; name = OSCProtocolTypes.h; path = ../../Source/Network/OSCProtocolTypes.h; sourceTree = SOURCE_ROOT; };
		D142B9C18D9A93EA669B6723 /* include_juce_gui_extra.mm */ /* include_juce_gui_extra.mm */ = {isa = PBXFileReference; lastKnownFileType = sourcecode.cpp.objcpp; name = include_juce_gui_extra.mm; path = ../../JuceLibraryCode/include_juce_gui_extra.mm; sourceTree = SOURCE_ROOT; };
		D2F96573DB7A8C68446E361C /* WFSParameterIDs.h */ /* WFSParameterIDs.h */ = {isa = PBXFileReference; lastKnownFileType = sourcecode.c.h; name = WFSParameterIDs.h; path = ../../Source/Parameters/WFSParameterIDs.h; sourceTree = SOURCE_ROOT; };
		D477110C8373179499E19443 /* include_juce_osc.cpp */ /* include_juce_osc.cpp */ = {isa = PBXFileReference; lastKnownFileType = sourcecode.cpp.cpp; name = include_juce_osc.cpp; path = ../../JuceLibraryCode/include_juce_osc.cpp; sourceTree = SOURCE_ROOT; };
		DAF0A8D52DEC4B51BA171B78 /* OSCQueryServer.h */ /* OSCQueryServer.h */ = {isa = PBXFileReference; lastKnownFileType = sourcecode.c.h; name = OSCQueryServer.h; path = ../../Source/Network/OSCQueryServer.h; sourceTree = SOURCE_ROOT; };
		DB5876E9C4AB938D271F414A /* OutputArrayHelperWindow.cpp */ /* OutputArrayHelperWindow.cpp */ = {isa = PBXFileReference; lastKnownFileType = sourcecode.cpp.cpp; name = OutputArrayHelperWindow.cpp; path = ../../Source/gui/OutputArrayHelperWindow.cpp; sourceTree = SOURCE_ROOT; };
		DE14BD20BA58B9D03EEBABCE /* OSCQueryServer.cpp */ /* OSCQueryServer.cpp */ = {isa = PBXFileReference; lastKnownFileType = sourcecode.cpp.cpp; name = OSCQueryServer.cpp; path = ../../Source/Network/OSCQueryServer.cpp; sourceTree = SOURCE_ROOT; };
		DE9E3D8B6DEF25E07D893DBA /* OSCParser.h */ /* OSCParser.h */ = {isa = PBXFileReference; lastKnownFileType = sourcecode.c.h; name = OSCParser.h; path = ../../Source/Network/OSCParser.h; sourceTree = SOURCE_ROOT; };
		E1C464405F00329FAEECC082 /* GpuInputBufferAlgorithm.cpp */ /* GpuInputBufferAlgorithm.cpp */ = {isa = PBXFileReference; lastKnownFileType = sourcecode.cpp.cpp; name = GpuInputBufferAlgorithm.cpp; path = ../../Source/DSP/GpuInputBufferAlgorithm.cpp; sourceTree = SOURCE_ROOT; };
		E3FCF22B87660A812A148EC4 /* juce_core */ /* juce_core */ = {isa = PBXFileReference; lastKnownFileType = folder; name = juce_core; path = ../../../../../JUCE/modules/juce_core; sourceTree = SOURCE_ROOT; };
		E6CD082AAE01E9293C832C0D /* juce_graphics */ /* juce_graphics */ = {isa = PBXFileReference; lastKnownFileType = folder; name = juce_graphics; path = ../../../../../JUCE/modules/juce_graphics; sourceTree = SOURCE_ROOT; };
		EA70EEBBC46FBF864FDE4974 /* juce_dsp */ /* juce_dsp */ = {isa = PBXFileReference; lastKnownFileType = folder; name = juce_dsp; path = ../../../../../JUCE/modules/juce_dsp; sourceTree = SOURCE_ROOT; };
		EC16EC2A1DC4CD0150DA14AA /* juce_osc */ /* juce_osc */ = {isa = PBXFileReference; lastKnownFileType = folder; name = juce_osc; path = ../../../../../JUCE/modules/juce_osc; sourceTree = SOURCE_ROOT; };
		EC6542CEC73289FC7C5A211C /* juce_audio_devices */ /* juce_audio_devices */ = {isa = PBXFileReference; lastKnownFileType = folder; name = juce_audio_devices; path = ../../../../../JUCE/modules/juce_audio_devices; sourceTree = SOURCE_ROOT; };
		EE3AAA7F4BDC53F0808AD4D0 /* include_juce_audio_processors.mm */ /* include_juce_audio_processors.mm */ = {isa = PBXFileReference; lastKnownFileType = sourcecode.cpp.objcpp; name = include_juce_audio_processors.mm; path = ../../JuceLibraryCode/include_juce_audio_processors.mm; sourceTree = SOURCE_ROOT; };
		EF8F5550038C576E96ECCBC3 /* include_juce_audio_basics.mm */ /* include_juce_audio_basics.mm */ = {isa = PBXFileReference; lastKnownFileType = sourcecode.cpp.objcpp; name = include_juce_audio_basics.mm; path = ../../JuceLibraryCode/include_juce_audio_basics.mm; sourceTree = SOURCE_ROOT; };
		F0166C597380A249A99EA956 /* WFSHighShelfFilter.h */ /* WFSHighShelfFilter.h */ = {isa = PBXFileReference; lastKnownFileType = sourcecode.c.h; name = WFSHighShelfFilter.h; path = ../../Source/DSP/WFSHighShelfFilter.h; sourceTree = SOURCE_ROOT; };
		F0BBBCFFEEBC5E54F494D60B /* QuartzCore.framework */ /* QuartzCore.framework */ = {isa = PBXFileReference; lastKnownFileType = wrapper.framework; name = QuartzCore.framework; path = System/Library/Frameworks/QuartzCore.framework; sourceTree = SDKROOT; };
		F4A73DB9396597324DC0AE9A /* juce_audio_processors */ /* juce_audio_processors */ = {isa = PBXFileReference; lastKnownFileType = folder; name = juce_audio_processors; path = ../../../../../JUCE/modules/juce_audio_processors; sourceTree = SOURCE_ROOT; };
		F5775FB8BB6E2B98B2D6B8DF /* include_juce_audio_devices.mm */ /* include_juce_audio_devices.mm */ = {isa = PBXFileReference; lastKnownFileType = sourcecode.cpp.objcpp; name = include_juce_audio_devices.mm; path = ../../JuceLibraryCode/include_juce_audio_devices.mm; sourceTree = SOURCE_ROOT; };
		FF19CF83E92F49AE429BA580 /* Security.framework */ /* Security.framework */ = {isa = PBXFileReference; lastKnownFileType = wrapper.framework; name = Security.framework; path = System/Library/Frameworks/Security.framework; sourceTree = SDKROOT; };
/* End PBXFileReference section */

/* Begin PBXFrameworksBuildPhase section */
		8BC7CC955FF9EA18E7BEFFCE = {
			isa = PBXFrameworksBuildPhase;
			buildActionMask = 2147483647;
			files = (
				59262D55C253156B90FCCD98,
				63EEAC7AAA4C92CD3E961598,
				476F09624768D72D4EA72FB2,
				E5CF3F122DD4F047481C62D2,
				CCFBE09811F0776115B91605,
				FEB463E52DD144B58406DA04,
				471089E457EAE929D9FBE39A,
				A7EBFC6FBD34D6A3021AF51A,
				DEABF808C5E056929C7305E0,
				7EE885F6C8BF1E09BF1252A8,
				608D7B6A13C0D268D19EC284,
				D31268761E753A4C517595B7,
				94B254A659EFEC3CC830EB46,
				8ADC8900F737B54FCFBA3AA8,
				D0C2D1742B813683EC65D553,
			);
			runOnlyForDeploymentPostprocessing = 0;
		};
/* End PBXFrameworksBuildPhase section */

/* Begin PBXGroup section */
		1A9FD9B652D90CF51F8D6B28 /* Network */ = {
			isa = PBXGroup;
			children = (
				CA0621138DD4DFC3AF7A711E,
				3FF29F71D97D69B1B619CBDC,
				1D4034F17218DC090D63347F,
				B660F4211F4C145BD3C3D28B,
				878AA473BBA4523BB5BAB723,
				7E32DBC79453A291C75AE2B7,
				6EDCA6152CCF68F79BC3E7F4,
				5810F8314E4B23B3F2FB167F,
				A3C78AAE2596180321C3F0F2,
				601124A6913C54CD5AC91469,
				7487EFE20AF4642E34D9A9BB,
				BE841F6F8529ACBA1DD567B6,
				8BDFF50F5C228E133FE51580,
				175E5DD50F0E71570D6F1B65,
				52706EBD8973DFD0F1366FCF,
				A859E542011BA2B197343E8B,
				83B9631F36EB03CD552105D6,
				DE9E3D8B6DEF25E07D893DBA,
				DAF0A8D52DEC4B51BA171B78,
				DE14BD20BA58B9D03EEBABCE,
			);
			name = Network;
			sourceTree = "<group>";
		};
		296C2FD92304C154D9E4269C /* Source */ = {
			isa = PBXGroup;
			children = (
				48358E746C391AAE56B8D55B,
				C26696E1C253013CD99DB14F,
				C6D189C313F9A3C02FB4FF1A,
				62FBE93399E5E1A07AB3154E,
				C6036B366CF6CB8797D3601C,
				E0ADC3B1E5CE3DA75793A9AD,
			);
			name = Source;
			sourceTree = "<group>";
		};
		40952B17DE0B0DC3FA39CCAC /* Source */ = {
			isa = PBXGroup;
			children = (
				FCC76DD4403C5F91A94C7C9E,
				8FE4F0E1E52B0534302549F7,
				7C0C2570DC7D2D132EAEFC02,
				1A9FD9B652D90CF51F8D6B28,
				46671364821BCB5DCF52BC95,
				AE1207ECC59B747C80031900,
				A6107472373FC76F35C046C0,
				08134ACD67020F7944801D62,
				8C0E916313050AB4DC42868B,
				C20B0002C1C15F0BCBF6FFE9,
			);
			name = Source;
			sourceTree = "<group>";
		};
		48358E746C391AAE56B8D55B /* WFS-DIY */ = {
			isa = PBXGroup;
			children = (
				40952B17DE0B0DC3FA39CCAC,
			);
			name = "WFS-DIY";
			sourceTree = "<group>";
		};
		62FBE93399E5E1A07AB3154E /* Resources */ = {
			isa = PBXGroup;
			children = (
				93517C1B57BC41C6A7CF7B88,
				C2A444C276327D0BCFA3510A,
			);
			name = Resources;
			sourceTree = "<group>";
		};
		7C0C2570DC7D2D132EAEFC02 /* Helpers */ = {
			isa = PBXGroup;
			children = (
				11DA25FE53363679529C4A42,
				400EA6B8131021F017321A16,
			);
			name = Helpers;
			sourceTree = "<group>";
		};
		8FE4F0E1E52B0534302549F7 /* gui */ = {
			isa = PBXGroup;
			children = (
				6756E8867E1756DA0DF2481A,
				3CB4457FB0C8A8E65B84BAAA,
				C13194A76B6B84669C156769,
				344E94DE75CE8AD15E5DF4F7,
				23EC5C0EFA931E9866518795,
				0724D2EC3F7252162C616AE8,
				A39360C75305D0F857DC9FEE,
				AA3D6463B920C9F5617110A3,
				7AFF9282759B81540BA02DCC,
				C76B234E02F32DF1865B2F27,
				48D14721841738FD158C9ED7,
				7F18FF6B90FC3250D411E692,
				93358D08FACEF28C4AEA139F,
				DB5876E9C4AB938D271F414A,
			);
			name = gui;
			sourceTree = "<group>";
		};
		C20B0002C1C15F0BCBF6FFE9 /* DSP */ = {
			isa = PBXGroup;
			children = (
				227E033B18F6304BAF888B94,
				B2E5BB6DF397E59F6073DDFA,
				F0166C597380A249A99EA956,
				34CC6B6061AD8E05EDA699F3,
				C67F91CF1D3B324EB43469E0,
				2CB2F36332CB658A8BCDB47B,
				7AC565B6A53D12F58CA362A1,
				4B817C847A7AC2CDC244E66C,
				E1C464405F00329FAEECC082,
				143DF3EE177D85E1D8E1F58A,
				12146791FE10C68B72D72F39,
			);
			name = DSP;
			sourceTree = "<group>";
		};
		C26696E1C253013CD99DB14F /* JUCE Modules */ = {
			isa = PBXGroup;
			children = (
				AF62B2CF62312028634B4EEF,
				EC6542CEC73289FC7C5A211C,
				C4525E688AD5409FE48A10B0,
				F4A73DB9396597324DC0AE9A,
				6436CB9D505DAAA967A62B33,
				89F22C2D66D7F132F7A08F93,
				E3FCF22B87660A812A148EC4,
				9904E802D511D3F174FADDD2,
				EA70EEBBC46FBF864FDE4974,
				69407C7E2C97F2199ECD6485,
				E6CD082AAE01E9293C832C0D,
				6E14244F68F03835D5F30C62,
				151701BA3C17357293B163C4,
				46911CC043A1CB1AC44325D8,
				EC16EC2A1DC4CD0150DA14AA,
			);
			name = "JUCE Modules";
			sourceTree = "<group>";
		};
		C6036B366CF6CB8797D3601C /* Frameworks */ = {
			isa = PBXGroup;
			children = (
				54B2A0562D44FAFD14948BD4,
				2005A065341F1626D8F31859,
				8482C13D6FF8436DFD51EE09,
				496A4AFADE7E2E14B6D013E2,
				AC103C23CF134FD2779DDD03,
				A9937509256CBFA14535037B,
				BB988ACB6CA5DBAAB5D3F273,
				6BABB0D22DF0B0DEF97EC39A,
				10B5F6956A7261934156D7A8,
				58550861937D9037981CEAF5,
				F0BBBCFFEEBC5E54F494D60B,
				FF19CF83E92F49AE429BA580,
				77380EEA09673557990C6B7D,
				C23555C43C15F2DD0CF3BA9C,
				8C11E7326375A886C71FF31C,
			);
			name = Frameworks;
			sourceTree = "<group>";
		};
		C6D189C313F9A3C02FB4FF1A /* JUCE Library Code */ = {
			isa = PBXGroup;
			children = (
				EF8F5550038C576E96ECCBC3,
				F5775FB8BB6E2B98B2D6B8DF,
				88828B243F838905A44A3AE5,
				EE3AAA7F4BDC53F0808AD4D0,
				0CD57A569F21CD4B562335EB,
				86ACB563EE1E39D812C368F8,
				A578604C7C69A5F0AB6D4219,
				83CB49A396A11EA46FF029C1,
				389358D30857F8073230AEDD,
				0295E8DB0FB28056B5EFD60F,
				015EA0280AE439D59E4A3D5E,
				1852742AC74CE662EF91C229,
				A355E1801ECBDBE86E2A9382,
				6E10D0FC4C9B6E6575A85044,
				1BD908F5EE15BCFED1F87F23,
				A0B89D22E0764DB96C3EA998,
				1A10EA3687120F02EC073242,
				2976DFB15F05C50CF08305D4,
				300E93A1943132FBD96DBD77,
				D142B9C18D9A93EA669B6723,
				6C77960FDA0FEB61B0F2A30A,
				D477110C8373179499E19443,
				C7C47F0656977414C3A87685,
			);
			name = "JUCE Library Code";
			sourceTree = "<group>";
		};
		E0ADC3B1E5CE3DA75793A9AD /* Products */ = {
			isa = PBXGroup;
			children = (
				27C88BB1744515ABB100AC93,
			);
			name = Products;
			sourceTree = "<group>";
		};
		FCC76DD4403C5F91A94C7C9E /* Parameters */ = {
			isa = PBXGroup;
			children = (
				D2F96573DB7A8C68446E361C,
				A96E05E0B144008AE500DBAE,
				35A75BE8F742B3CF106ACE1B,
				BB85096D700BC19EC7EEF516,
				0286C27EEF7FF41861AEADED,
				7574FA77B1174E11D00A732D,
			);
			name = Parameters;
			sourceTree = "<group>";
		};
/* End PBXGroup section */

/* Begin PBXNativeTarget section */
		02F6D04FAC61328F9E974E20 /* WFS-DIY - App */ = {
			isa = PBXNativeTarget;
			buildConfigurationList = 981F08AC05167F5B4B7F585C;
			buildPhases = (
				1B6C3431D7BF356639EFC704,
				819D56535DE30EF947D5F4D4,
				8BC7CC955FF9EA18E7BEFFCE,
			);
			buildRules = (
			);
			dependencies = (
			);
			name = "WFS-DIY - App";
			productName = "WFS-DIY";
			productReference = 27C88BB1744515ABB100AC93;
			productType = "com.apple.product-type.application";
		};
/* End PBXNativeTarget section */

/* Begin PBXProject section */
		D71F4B342D929AF1300FE7D7 = {
			isa = PBXProject;
			attributes = {
				BuildIndependentTargetsInParallel = YES;
				LastUpgradeCheck = 1340;
				ORGANIZATIONNAME = "";
				TargetAttributes = {
					02F6D04FAC61328F9E974E20 = {
						SystemCapabilities = {
							com.apple.ApplicationGroups.iOS = {
								enabled = 0;
							};
							com.apple.HardenedRuntime = {
								enabled = 0;
							};
							com.apple.InAppPurchase = {
								enabled = 0;
							};
							com.apple.InterAppAudio = {
								enabled = 0;
							};
							com.apple.Push = {
								enabled = 0;
							};
							com.apple.Sandbox = {
								enabled = 0;
							};
						};
					};
				};
			};
			buildConfigurationList = 3F2E9AFB160ABA013CA37BB5;
			compatibilityVersion = "Xcode 3.2";
			hasScannedForEncodings = 0;
			knownRegions = (
				en,
				Base,
			);
			mainGroup = 296C2FD92304C154D9E4269C;
			projectDirPath = "";
			projectRoot = "";
			targets = (
				02F6D04FAC61328F9E974E20,
			);
		};
/* End PBXProject section */

/* Begin PBXResourcesBuildPhase section */
		1B6C3431D7BF356639EFC704 = {
			isa = PBXResourcesBuildPhase;
			buildActionMask = 2147483647;
			files = (
				9540B1CD09211574E035FEA4,
			);
			runOnlyForDeploymentPostprocessing = 0;
		};
/* End PBXResourcesBuildPhase section */

/* Begin PBXSourcesBuildPhase section */
		819D56535DE30EF947D5F4D4 = {
			isa = PBXSourcesBuildPhase;
			buildActionMask = 2147483647;
			files = (
				8206CB7296A86BB520A4B965,
				DDEBC46A91123F8716D9D977,
				F43ABAF1DAF97DA45A1AC7C0,
				2D18719EE35291280C362AFE,
				C5AA8699307DEBD9EE73CB9C,
				99BBB112459F918510B37CA3,
				A8A7939ED5A7BFFDB060F2C9,
				A66BB50D77A88BEC2F63217B,
				C06C6742DDD2187C42ACA573,
				178AAAFBA10B6850F5EAB0CB,
				E24BD9C92FB5ED761916E117,
				A3B475BAAE5DA55369EA63CB,
				848D7BD2CB09162DA9DD5B7F,
				7618597F3E29C95EDC572AA4,
				8730DF5A397C198A3FB13D60,
				D1FB0F3B758B9AFC67248620,
				B1102ED88546CAF3585737B7,
				F3E9874CAF23860578708A33,
				72DBEA8965CEB4462D38F1C4,
				3E0A0AB3E298FA5F0241DEB0,
				70314EC1FEC594420C837FA2,
				A2970BCD1D70B071DA801DA0,
				2E7BC351A296C0FD63B235EA,
				5D4E9619AEF393D1B45801B4,
				65CEC8646F411DBDCBDE08B6,
				26DD2F1C8690366A500EAF15,
				3201D56E12B692DF589404E8,
				2A10DF854F4DF8895DD6E6B1,
				E5D3A75C2F59B454A7821B7F,
				231970F32BADB567EB15F753,
				7A8D87B4FFF599B560E7701B,
				A4CC09F2DA7E16C75D0C1C27,
				1355A2294306B482B16BCA07,
				F7291D04FD22C7330C3E1864,
				B189CAC736E2215D673E4945,
				F4AA488127D811825687FFDC,
				AA0EE9B55A2E6FF945DED3B3,
				2B4A8A2646517A3AD78C64FF,
				E250B84E6CDC377F234A14E3,
			);
			runOnlyForDeploymentPostprocessing = 0;
		};
/* End PBXSourcesBuildPhase section */

/* Begin XCBuildConfiguration section */
		0F8AC50F4B19AEDA3FEAD354 /* Debug */ = {
			isa = XCBuildConfiguration;
			buildSettings = {
				ALWAYS_SEARCH_USER_PATHS = NO;
				CLANG_ENABLE_OBJC_WEAK = YES;
				CLANG_WARN_BLOCK_CAPTURE_AUTORELEASING = YES;
				CLANG_WARN_BOOL_CONVERSION = YES;
				CLANG_WARN_COMMA = YES;
				CLANG_WARN_CONSTANT_CONVERSION = YES;
				CLANG_WARN_DEPRECATED_OBJC_IMPLEMENTATIONS = YES;
				CLANG_WARN_EMPTY_BODY = YES;
				CLANG_WARN_ENUM_CONVERSION = YES;
				CLANG_WARN_INFINITE_RECURSION = YES;
				CLANG_WARN_INT_CONVERSION = YES;
				CLANG_WARN_NON_LITERAL_NULL_CONVERSION = YES;
				CLANG_WARN_OBJC_IMPLICIT_RETAIN_SELF = YES;
				CLANG_WARN_OBJC_LITERAL_CONVERSION = YES;
				CLANG_WARN_RANGE_LOOP_ANALYSIS = YES;
				CLANG_WARN_STRICT_PROTOTYPES = YES;
				CLANG_WARN_SUSPICIOUS_MOVE = YES;
				CLANG_WARN_UNREACHABLE_CODE = YES;
				CLANG_WARN__DUPLICATE_METHOD_MATCH = YES;
				DEBUG_INFORMATION_FORMAT = dwarf;
				ENABLE_STRICT_OBJC_MSGSEND = YES;
				ENABLE_TESTABILITY = NO;
				GCC_C_LANGUAGE_STANDARD = c11;
				GCC_INLINES_ARE_PRIVATE_EXTERN = YES;
				GCC_MODEL_TUNING = G5;
				GCC_NO_COMMON_BLOCKS = YES;
				GCC_SYMBOLS_PRIVATE_EXTERN = YES;
				GCC_WARN_64_TO_32_BIT_CONVERSION = YES;
				GCC_WARN_ABOUT_RETURN_TYPE = YES;
				GCC_WARN_CHECK_SWITCH_STATEMENTS = YES;
				GCC_WARN_MISSING_PARENTHESES = YES;
				GCC_WARN_NON_VIRTUAL_DESTRUCTOR = YES;
				GCC_WARN_TYPECHECK_CALLS_TO_PRINTF = YES;
				GCC_WARN_UNDECLARED_SELECTOR = YES;
				GCC_WARN_UNINITIALIZED_AUTOS = YES;
				GCC_WARN_UNUSED_FUNCTION = YES;
				GCC_WARN_UNUSED_VARIABLE = YES;
				ONLY_ACTIVE_ARCH = YES;
				OTHER_CODE_SIGN_FLAGS = --timestamp;
				PRODUCT_NAME = "WFS-DIY";
				SDKROOT = macosx;
				WARNING_CFLAGS = "-Wreorder";
				ZERO_LINK = NO;
			};
			name = Debug;
		};
		5CEC6E0E0AE6804BCB879094 /* Debug */ = {
			isa = XCBuildConfiguration;
			buildSettings = {
				CLANG_CXX_LANGUAGE_STANDARD = "c++17";
				CLANG_CXX_LIBRARY = "libc++";
				CLANG_LINK_OBJC_RUNTIME = NO;
				COMBINE_HIDPI_IMAGES = YES;
				CONFIGURATION_BUILD_DIR = "$(PROJECT_DIR)/build/$(CONFIGURATION)";
				COPY_PHASE_STRIP = NO;
				EXCLUDED_ARCHS = "";
				GCC_DYNAMIC_NO_PIC = NO;
				GCC_OPTIMIZATION_LEVEL = 0;
				GCC_PREPROCESSOR_DEFINITIONS = (
					"_DEBUG=1",
					"DEBUG=1",
					"JUCE_PROJUCER_VERSION=0x8000b",
					"JUCE_MODULE_AVAILABLE_juce_audio_basics=1",
					"JUCE_MODULE_AVAILABLE_juce_audio_devices=1",
					"JUCE_MODULE_AVAILABLE_juce_audio_formats=1",
					"JUCE_MODULE_AVAILABLE_juce_audio_processors=1",
					"JUCE_MODULE_AVAILABLE_juce_audio_processors_headless=1",
					"JUCE_MODULE_AVAILABLE_juce_audio_utils=1",
					"JUCE_MODULE_AVAILABLE_juce_core=1",
					"JUCE_MODULE_AVAILABLE_juce_data_structures=1",
					"JUCE_MODULE_AVAILABLE_juce_dsp=1",
					"JUCE_MODULE_AVAILABLE_juce_events=1",
					"JUCE_MODULE_AVAILABLE_juce_graphics=1",
					"JUCE_MODULE_AVAILABLE_juce_gui_basics=1",
					"JUCE_MODULE_AVAILABLE_juce_gui_extra=1",
					"JUCE_MODULE_AVAILABLE_juce_opengl=1",
					"JUCE_MODULE_AVAILABLE_juce_osc=1",
					"JUCE_GLOBAL_MODULE_SETTINGS_INCLUDED=1",
					"JUCE_ASIO=1",
					"JUCE_JACK=0",
					"JUCE_USE_ANDROID_OBOE=0",
					"JUCE_STRICT_REFCOUNTEDPOINTER=1",
					"JUCE_STANDALONE_APPLICATION=1",
					"JUCER_XCODE_MAC_F6D2F4CF=1",
					"JUCE_APP_VERSION=1.0.0",
					"JUCE_APP_VERSION_HEX=0x10000",
					"JucePlugin_Build_VST=0",
					"JucePlugin_Build_VST3=0",
					"JucePlugin_Build_AU=0",
					"JucePlugin_Build_AUv3=0",
					"JucePlugin_Build_AAX=0",
					"JucePlugin_Build_Standalone=0",
					"JucePlugin_Build_Unity=0",
					"JucePlugin_Build_LV2=0",
				);
				GCC_VERSION = com.apple.compilers.llvm.clang.1_0;
				HEADER_SEARCH_PATHS = (
					"$(SRCROOT)/../../JuceLibraryCode",
					"$(SRCROOT)/../../../../../JUCE/modules",
					"$(inherited)",
				);
				INFOPLIST_FILE = Info-App.plist;
				INFOPLIST_PREPROCESS = NO;
				INSTALL_PATH = "$(HOME)/Applications";
				MACOSX_DEPLOYMENT_TARGET = 10.13;
				MTL_HEADER_SEARCH_PATHS = "$(SRCROOT)/../../JuceLibraryCode $(SRCROOT)/../../../../../JUCE/modules";
				OTHER_LDFLAGS = "-framework SystemConfiguration -framework CoreFoundation";
				PRODUCT_BUNDLE_IDENTIFIER = com.yourcompany.WFSDIY;
				PRODUCT_NAME = "WFS-DIY";
				USE_HEADERMAP = NO;
				VALIDATE_WORKSPACE_SKIPPED_SDK_FRAMEWORKS = OpenGL;
				VALID_ARCHS = "i386 x86_64 arm64 arm64e";
			};
			name = Debug;
		};
		61874F51EE4E24E64B7E0047 /* Release */ = {
			isa = XCBuildConfiguration;
			buildSettings = {
				CLANG_CXX_LANGUAGE_STANDARD = "c++17";
				CLANG_CXX_LIBRARY = "libc++";
				CLANG_LINK_OBJC_RUNTIME = NO;
				COMBINE_HIDPI_IMAGES = YES;
				CONFIGURATION_BUILD_DIR = "$(PROJECT_DIR)/build/$(CONFIGURATION)";
				DEAD_CODE_STRIPPING = YES;
				EXCLUDED_ARCHS = "";
				GCC_GENERATE_DEBUGGING_SYMBOLS = NO;
				GCC_OPTIMIZATION_LEVEL = 3;
				GCC_PREPROCESSOR_DEFINITIONS = (
					"_NDEBUG=1",
					"NDEBUG=1",
					"JUCE_PROJUCER_VERSION=0x8000b",
					"JUCE_MODULE_AVAILABLE_juce_audio_basics=1",
					"JUCE_MODULE_AVAILABLE_juce_audio_devices=1",
					"JUCE_MODULE_AVAILABLE_juce_audio_formats=1",
					"JUCE_MODULE_AVAILABLE_juce_audio_processors=1",
					"JUCE_MODULE_AVAILABLE_juce_audio_processors_headless=1",
					"JUCE_MODULE_AVAILABLE_juce_audio_utils=1",
					"JUCE_MODULE_AVAILABLE_juce_core=1",
					"JUCE_MODULE_AVAILABLE_juce_data_structures=1",
					"JUCE_MODULE_AVAILABLE_juce_dsp=1",
					"JUCE_MODULE_AVAILABLE_juce_events=1",
					"JUCE_MODULE_AVAILABLE_juce_graphics=1",
					"JUCE_MODULE_AVAILABLE_juce_gui_basics=1",
					"JUCE_MODULE_AVAILABLE_juce_gui_extra=1",
					"JUCE_MODULE_AVAILABLE_juce_opengl=1",
					"JUCE_MODULE_AVAILABLE_juce_osc=1",
					"JUCE_GLOBAL_MODULE_SETTINGS_INCLUDED=1",
					"JUCE_ASIO=1",
					"JUCE_JACK=0",
					"JUCE_USE_ANDROID_OBOE=0",
					"JUCE_STRICT_REFCOUNTEDPOINTER=1",
					"JUCE_STANDALONE_APPLICATION=1",
					"JUCER_XCODE_MAC_F6D2F4CF=1",
					"JUCE_APP_VERSION=1.0.0",
					"JUCE_APP_VERSION_HEX=0x10000",
					"JucePlugin_Build_VST=0",
					"JucePlugin_Build_VST3=0",
					"JucePlugin_Build_AU=0",
					"JucePlugin_Build_AUv3=0",
					"JucePlugin_Build_AAX=0",
					"JucePlugin_Build_Standalone=0",
					"JucePlugin_Build_Unity=0",
					"JucePlugin_Build_LV2=0",
				);
				GCC_VERSION = com.apple.compilers.llvm.clang.1_0;
				HEADER_SEARCH_PATHS = (
					"$(SRCROOT)/../../JuceLibraryCode",
					"$(SRCROOT)/../../../../../JUCE/modules",
					"$(inherited)",
				);
				INFOPLIST_FILE = Info-App.plist;
				INFOPLIST_PREPROCESS = NO;
				INSTALL_PATH = "$(HOME)/Applications";
				LLVM_LTO = YES;
				MACOSX_DEPLOYMENT_TARGET = 10.13;
				MTL_HEADER_SEARCH_PATHS = "$(SRCROOT)/../../JuceLibraryCode $(SRCROOT)/../../../../../JUCE/modules";
				OTHER_LDFLAGS = "-framework SystemConfiguration -framework CoreFoundation";
				PRODUCT_BUNDLE_IDENTIFIER = com.yourcompany.WFSDIY;
				PRODUCT_NAME = "WFS-DIY";
				USE_HEADERMAP = NO;
				VALIDATE_WORKSPACE_SKIPPED_SDK_FRAMEWORKS = OpenGL;
				VALID_ARCHS = "i386 x86_64 arm64 arm64e";
			};
			name = Release;
		};
		DB94D28C1EE2552A5160E387 /* Release */ = {
			isa = XCBuildConfiguration;
			buildSettings = {
				ALWAYS_SEARCH_USER_PATHS = NO;
				CLANG_ENABLE_OBJC_WEAK = YES;
				CLANG_WARN_BLOCK_CAPTURE_AUTORELEASING = YES;
				CLANG_WARN_BOOL_CONVERSION = YES;
				CLANG_WARN_COMMA = YES;
				CLANG_WARN_CONSTANT_CONVERSION = YES;
				CLANG_WARN_DEPRECATED_OBJC_IMPLEMENTATIONS = YES;
				CLANG_WARN_EMPTY_BODY = YES;
				CLANG_WARN_ENUM_CONVERSION = YES;
				CLANG_WARN_INFINITE_RECURSION = YES;
				CLANG_WARN_INT_CONVERSION = YES;
				CLANG_WARN_NON_LITERAL_NULL_CONVERSION = YES;
				CLANG_WARN_OBJC_IMPLICIT_RETAIN_SELF = YES;
				CLANG_WARN_OBJC_LITERAL_CONVERSION = YES;
				CLANG_WARN_RANGE_LOOP_ANALYSIS = YES;
				CLANG_WARN_STRICT_PROTOTYPES = YES;
				CLANG_WARN_SUSPICIOUS_MOVE = YES;
				CLANG_WARN_UNREACHABLE_CODE = YES;
				CLANG_WARN__DUPLICATE_METHOD_MATCH = YES;
				DEBUG_INFORMATION_FORMAT = dwarf;
				ENABLE_STRICT_OBJC_MSGSEND = YES;
				ENABLE_TESTABILITY = NO;
				GCC_C_LANGUAGE_STANDARD = c11;
				GCC_INLINES_ARE_PRIVATE_EXTERN = YES;
				GCC_MODEL_TUNING = G5;
				GCC_NO_COMMON_BLOCKS = YES;
				GCC_SYMBOLS_PRIVATE_EXTERN = YES;
				GCC_WARN_64_TO_32_BIT_CONVERSION = YES;
				GCC_WARN_ABOUT_RETURN_TYPE = YES;
				GCC_WARN_CHECK_SWITCH_STATEMENTS = YES;
				GCC_WARN_MISSING_PARENTHESES = YES;
				GCC_WARN_NON_VIRTUAL_DESTRUCTOR = YES;
				GCC_WARN_TYPECHECK_CALLS_TO_PRINTF = YES;
				GCC_WARN_UNDECLARED_SELECTOR = YES;
				GCC_WARN_UNINITIALIZED_AUTOS = YES;
				GCC_WARN_UNUSED_FUNCTION = YES;
				GCC_WARN_UNUSED_VARIABLE = YES;
				OTHER_CODE_SIGN_FLAGS = --timestamp;
				PRODUCT_NAME = "WFS-DIY";
				SDKROOT = macosx;
				WARNING_CFLAGS = "-Wreorder";
				ZERO_LINK = NO;
			};
			name = Release;
		};
/* End XCBuildConfiguration section */

/* Begin XCConfigurationList section */
		3F2E9AFB160ABA013CA37BB5 = {
			isa = XCConfigurationList;
			buildConfigurations = (
				0F8AC50F4B19AEDA3FEAD354,
				DB94D28C1EE2552A5160E387,
			);
			defaultConfigurationIsVisible = 0;
			defaultConfigurationName = Debug;
		};
		981F08AC05167F5B4B7F585C = {
			isa = XCConfigurationList;
			buildConfigurations = (
				5CEC6E0E0AE6804BCB879094,
				61874F51EE4E24E64B7E0047,
			);
			defaultConfigurationIsVisible = 0;
			defaultConfigurationName = Debug;
		};
/* End XCConfigurationList section */
	};
	rootObject = D71F4B342D929AF1300FE7D7 /* Project object */;
}
